
Microsoft Visual Studio Solution File, Format Version 12.00
# Visual Studio Version 17
VisualStudioVersion = 17.2.32616.157
MinimumVisualStudioVersion = 10.0.40219.1
Project("{FAE04EC0-301F-11D3-BF4B-00C04F79EFBC}") = "Szkoleniev2", "Szkoleniev2\Szkoleniev2.csproj", "{5DE2D2D4-3C62-4C02-8015-406F6A417CD9}"
EndProject
Project("{FAE04EC0-301F-11D3-BF4B-00C04F79EFBC}") = "Szkoleniev2.test", "Szkoleniev2.test\Szkoleniev2.test.csproj", "{42D8A5FD-9CC9-461C-8FDD-0869AD53B020}"
EndProject
Global
	GlobalSection(SolutionConfigurationPlatforms) = preSolution
		Debug|Any CPU = Debug|Any CPU
		Release|Any CPU = Release|Any CPU
	EndGlobalSection
	GlobalSection(ProjectConfigurationPlatforms) = postSolution
		{5DE2D2D4-3C62-4C02-8015-406F6A417CD9}.Debug|Any CPU.ActiveCfg = Debug|Any CPU
		{5DE2D2D4-3C62-4C02-8015-406F6A417CD9}.Debug|Any CPU.Build.0 = Debug|Any CPU
		{5DE2D2D4-3C62-4C02-8015-406F6A417CD9}.Release|Any CPU.ActiveCfg = Release|Any CPU
		{5DE2D2D4-3C62-4C02-8015-406F6A417CD9}.Release|Any CPU.Build.0 = Release|Any CPU
		{42D8A5FD-9CC9-461C-8FDD-0869AD53B020}.Debug|Any CPU.ActiveCfg = Debug|Any CPU
		{42D8A5FD-9CC9-461C-8FDD-0869AD53B020}.Debug|Any CPU.Build.0 = Debug|Any CPU
		{42D8A5FD-9CC9-461C-8FDD-0869AD53B020}.Release|Any CPU.ActiveCfg = Release|Any CPU
		{42D8A5FD-9CC9-461C-8FDD-0869AD53B020}.Release|Any CPU.Build.0 = Release|Any CPU
	EndGlobalSection
	GlobalSection(SolutionProperties) = preSolution
		HideSolutionNode = FALSE
	EndGlobalSection
	GlobalSection(ExtensibilityGlobals) = postSolution
		SolutionGuid = {75696EE6-A963-4ADA-B713-E4A040FC7784}
	EndGlobalSection
EndGlobal
